
Microsoft Visual Studio Solution File, Format Version 12.00
# Visual Studio Version 16
VisualStudioVersion = 16.0.29424.173
MinimumVisualStudioVersion = 10.0.40219.1
Project("{FAE04EC0-301F-11D3-BF4B-00C04F79EFBC}") = "pms_develop", "pms_develop\pms_develop.csproj", "{34F6FEE9-4348-4AA9-9EE1-5D03DD925806}"
EndProject
Project("{FAE04EC0-301F-11D3-BF4B-00C04F79EFBC}") = "UtilLibrary", "UtilLibrary\UtilLibrary.csproj", "{FAE2F909-803C-4046-B30F-BE60A7A1597F}"
EndProject
Global
	GlobalSection(SolutionConfigurationPlatforms) = preSolution
		Debug|Any CPU = Debug|Any CPU
		Release|Any CPU = Release|Any CPU
	EndGlobalSection
	GlobalSection(ProjectConfigurationPlatforms) = postSolution
		{34F6FEE9-4348-4AA9-9EE1-5D03DD925806}.Debug|Any CPU.ActiveCfg = Debug|Any CPU
		{34F6FEE9-4348-4AA9-9EE1-5D03DD925806}.Debug|Any CPU.Build.0 = Debug|Any CPU
		{34F6FEE9-4348-4AA9-9EE1-5D03DD925806}.Release|Any CPU.ActiveCfg = Release|Any CPU
		{34F6FEE9-4348-4AA9-9EE1-5D03DD925806}.Release|Any CPU.Build.0 = Release|Any CPU
		{FAE2F909-803C-4046-B30F-BE60A7A1597F}.Debug|Any CPU.ActiveCfg = Debug|Any CPU
		{FAE2F909-803C-4046-B30F-BE60A7A1597F}.Debug|Any CPU.Build.0 = Debug|Any CPU
		{FAE2F909-803C-4046-B30F-BE60A7A1597F}.Release|Any CPU.ActiveCfg = Release|Any CPU
		{FAE2F909-803C-4046-B30F-BE60A7A1597F}.Release|Any CPU.Build.0 = Release|Any CPU
	EndGlobalSection
	GlobalSection(SolutionProperties) = preSolution
		HideSolutionNode = FALSE
	EndGlobalSection
	GlobalSection(ExtensibilityGlobals) = postSolution
		SolutionGuid = {234B7BDB-F978-4107-AB50-3D23A300E835}
	EndGlobalSection
EndGlobal
